
Microsoft Visual Studio Solution File, Format Version 12.00
# Visual Studio Version 16
VisualStudioVersion = 16.0.31019.35
MinimumVisualStudioVersion = 10.0.40219.1
Project("{FAE04EC0-301F-11D3-BF4B-00C04F79EFBC}") = "HelloWorld", "HelloWorld\HelloWorld.csproj", "{8CCB1B3F-E510-461B-B002-9A1C86ED8903}"
EndProject
Global
	GlobalSection(SolutionConfigurationPlatforms) = preSolution
		Debug|Any CPU = Debug|Any CPU
		Release|Any CPU = Release|Any CPU
	EndGlobalSection
	GlobalSection(ProjectConfigurationPlatforms) = postSolution
		{8CCB1B3F-E510-461B-B002-9A1C86ED8903}.Debug|Any CPU.ActiveCfg = Debug|Any CPU
		{8CCB1B3F-E510-461B-B002-9A1C86ED8903}.Debug|Any CPU.Build.0 = Debug|Any CPU
		{8CCB1B3F-E510-461B-B002-9A1C86ED8903}.Release|Any CPU.ActiveCfg = Release|Any CPU
		{8CCB1B3F-E510-461B-B002-9A1C86ED8903}.Release|Any CPU.Build.0 = Release|Any CPU
	EndGlobalSection
	GlobalSection(SolutionProperties) = preSolution
		HideSolutionNode = FALSE
	EndGlobalSection
	GlobalSection(ExtensibilityGlobals) = postSolution
		SolutionGuid = {C8D5F78F-6CE2-4A7E-8C94-7E04BD682841}
	EndGlobalSection
EndGlobal
