
Microsoft Visual Studio Solution File, Format Version 12.00
# Visual Studio Version 16
VisualStudioVersion = 16.0.31019.35
MinimumVisualStudioVersion = 10.0.40219.1
Project("{9A19103F-16F7-4668-BE54-9A1E7A4F7556}") = "Basic Codes", "HelloWorld\Basic Codes.csproj", "{8CCB1B3F-E510-461B-B002-9A1C86ED8903}"
EndProject
Project("{FAE04EC0-301F-11D3-BF4B-00C04F79EFBC}") = "C-Sharp-Introduction", "C-Sharp-Introduction\C-Sharp-Introduction.csproj", "{2BC7E3F9-88B1-40E9-84A2-050B3C0A55A0}"
EndProject
Project("{FAE04EC0-301F-11D3-BF4B-00C04F79EFBC}") = "ObjectOrientedPrograms", "ObjectOrientedPrograms\ObjectOrientedPrograms.csproj", "{01314CE5-9DCC-4F24-B4A0-64C756F5F618}"
EndProject
Project("{FAE04EC0-301F-11D3-BF4B-00C04F79EFBC}") = "Collection", "Collection\Collection.csproj", "{8E243342-1073-4452-86F1-E2DDCDCBFE2F}"
EndProject
Global
	GlobalSection(SolutionConfigurationPlatforms) = preSolution
		Debug|Any CPU = Debug|Any CPU
		Release|Any CPU = Release|Any CPU
	EndGlobalSection
	GlobalSection(ProjectConfigurationPlatforms) = postSolution
		{8CCB1B3F-E510-461B-B002-9A1C86ED8903}.Debug|Any CPU.ActiveCfg = Debug|Any CPU
		{8CCB1B3F-E510-461B-B002-9A1C86ED8903}.Debug|Any CPU.Build.0 = Debug|Any CPU
		{8CCB1B3F-E510-461B-B002-9A1C86ED8903}.Release|Any CPU.ActiveCfg = Release|Any CPU
		{8CCB1B3F-E510-461B-B002-9A1C86ED8903}.Release|Any CPU.Build.0 = Release|Any CPU
		{2BC7E3F9-88B1-40E9-84A2-050B3C0A55A0}.Debug|Any CPU.ActiveCfg = Debug|Any CPU
		{2BC7E3F9-88B1-40E9-84A2-050B3C0A55A0}.Debug|Any CPU.Build.0 = Debug|Any CPU
		{2BC7E3F9-88B1-40E9-84A2-050B3C0A55A0}.Release|Any CPU.ActiveCfg = Release|Any CPU
		{2BC7E3F9-88B1-40E9-84A2-050B3C0A55A0}.Release|Any CPU.Build.0 = Release|Any CPU
		{01314CE5-9DCC-4F24-B4A0-64C756F5F618}.Debug|Any CPU.ActiveCfg = Debug|Any CPU
		{01314CE5-9DCC-4F24-B4A0-64C756F5F618}.Debug|Any CPU.Build.0 = Debug|Any CPU
		{01314CE5-9DCC-4F24-B4A0-64C756F5F618}.Release|Any CPU.ActiveCfg = Release|Any CPU
		{01314CE5-9DCC-4F24-B4A0-64C756F5F618}.Release|Any CPU.Build.0 = Release|Any CPU
		{8E243342-1073-4452-86F1-E2DDCDCBFE2F}.Debug|Any CPU.ActiveCfg = Debug|Any CPU
		{8E243342-1073-4452-86F1-E2DDCDCBFE2F}.Debug|Any CPU.Build.0 = Debug|Any CPU
		{8E243342-1073-4452-86F1-E2DDCDCBFE2F}.Release|Any CPU.ActiveCfg = Release|Any CPU
		{8E243342-1073-4452-86F1-E2DDCDCBFE2F}.Release|Any CPU.Build.0 = Release|Any CPU
	EndGlobalSection
	GlobalSection(SolutionProperties) = preSolution
		HideSolutionNode = FALSE
	EndGlobalSection
	GlobalSection(ExtensibilityGlobals) = postSolution
		SolutionGuid = {C8D5F78F-6CE2-4A7E-8C94-7E04BD682841}
	EndGlobalSection
EndGlobal
